<Solution>
  <Folder Name="/src/">
    <Project Path="src/WgAgent.Cli/WgAgent.Cli.csproj" />
    <Project Path="src/WgAgent.Core/WgAgent.Core.csproj" />
    <Project Path="src/WgAgent.Platform.Linux/WgAgent.Platform.Linux.csproj" />
    <Project Path="src/WgAgent.Platform/WgAgent.Platform.csproj" />
    <Project Path="src/WgAgent.Service/WgAgent.Service.csproj" />
  </Folder>
  <Folder Name="/tests/">
    <Project Path="tests/WgAgent.IntegrationTests/WgAgent.IntegrationTests.csproj" />
    <Project Path="tests/WgAgent.Testing/WgAgent.Testing.csproj" />
    <Project Path="tests/WgAgent.Tests/WgAgent.Tests.csproj" />
  </Folder>
</Solution>
